
Microsoft Visual Studio Solution File, Format Version 12.00
# Visual Studio Version 17
VisualStudioVersion = 17.9.34723.18
MinimumVisualStudioVersion = 10.0.40219.1
Project("{9A19103F-16F7-4668-BE54-9A1E7A4F7556}") = "MebelCityWeb", "MebelCityWeb\MebelCityWeb.csproj", "{593479EE-0B1D-4A43-99BB-E18FB814DAEE}"
EndProject
Project("{9A19103F-16F7-4668-BE54-9A1E7A4F7556}") = "MebelCity.DataAccess", "MebelCity.DataAccess\MebelCity.DataAccess.csproj", "{7C4194E9-B8E9-4F72-BDA7-6229418CE0EE}"
EndProject
Project("{9A19103F-16F7-4668-BE54-9A1E7A4F7556}") = "MebelCity.Models", "MebelCity.Models\MebelCity.Models.csproj", "{D46674AF-2BA1-4F2F-B5C1-C2E33A0143B4}"
EndProject
Project("{9A19103F-16F7-4668-BE54-9A1E7A4F7556}") = "MebelCity.Utility", "MebelCity.Utility\MebelCity.Utility.csproj", "{F02B6042-261F-4B4B-A254-9B76C18EA4D8}"
EndProject
Global
	GlobalSection(SolutionConfigurationPlatforms) = preSolution
		Debug|Any CPU = Debug|Any CPU
		Release|Any CPU = Release|Any CPU
	EndGlobalSection
	GlobalSection(ProjectConfigurationPlatforms) = postSolution
		{593479EE-0B1D-4A43-99BB-E18FB814DAEE}.Debug|Any CPU.ActiveCfg = Debug|Any CPU
		{593479EE-0B1D-4A43-99BB-E18FB814DAEE}.Debug|Any CPU.Build.0 = Debug|Any CPU
		{593479EE-0B1D-4A43-99BB-E18FB814DAEE}.Release|Any CPU.ActiveCfg = Release|Any CPU
		{593479EE-0B1D-4A43-99BB-E18FB814DAEE}.Release|Any CPU.Build.0 = Release|Any CPU
		{7C4194E9-B8E9-4F72-BDA7-6229418CE0EE}.Debug|Any CPU.ActiveCfg = Debug|Any CPU
		{7C4194E9-B8E9-4F72-BDA7-6229418CE0EE}.Debug|Any CPU.Build.0 = Debug|Any CPU
		{7C4194E9-B8E9-4F72-BDA7-6229418CE0EE}.Release|Any CPU.ActiveCfg = Release|Any CPU
		{7C4194E9-B8E9-4F72-BDA7-6229418CE0EE}.Release|Any CPU.Build.0 = Release|Any CPU
		{D46674AF-2BA1-4F2F-B5C1-C2E33A0143B4}.Debug|Any CPU.ActiveCfg = Debug|Any CPU
		{D46674AF-2BA1-4F2F-B5C1-C2E33A0143B4}.Debug|Any CPU.Build.0 = Debug|Any CPU
		{D46674AF-2BA1-4F2F-B5C1-C2E33A0143B4}.Release|Any CPU.ActiveCfg = Release|Any CPU
		{D46674AF-2BA1-4F2F-B5C1-C2E33A0143B4}.Release|Any CPU.Build.0 = Release|Any CPU
		{F02B6042-261F-4B4B-A254-9B76C18EA4D8}.Debug|Any CPU.ActiveCfg = Debug|Any CPU
		{F02B6042-261F-4B4B-A254-9B76C18EA4D8}.Debug|Any CPU.Build.0 = Debug|Any CPU
		{F02B6042-261F-4B4B-A254-9B76C18EA4D8}.Release|Any CPU.ActiveCfg = Release|Any CPU
		{F02B6042-261F-4B4B-A254-9B76C18EA4D8}.Release|Any CPU.Build.0 = Release|Any CPU
	EndGlobalSection
	GlobalSection(SolutionProperties) = preSolution
		HideSolutionNode = FALSE
	EndGlobalSection
	GlobalSection(ExtensibilityGlobals) = postSolution
		SolutionGuid = {22A9C91A-2B0D-4884-B10F-CAD3D4388184}
	EndGlobalSection
EndGlobal
